{
  "requires": true,
  "lockfileVersion": 1,
  "dependencies": {
    "@types/ragemp-c": {
      "version": "https://github.com/CocaColaBear/types-ragemp-c/tarball/master",
      "integrity": "sha512-z9yoJZMBefh2WcOm7GgSlFEmSSmnUL8B4IDL4KyChtF+l8V0ROK6cVqfKyidh8X39u00a6L9GV5BmEpKs3zdbQ==",
      "dev": true
    },
    "@types/ragemp-s": {
      "version": "https://github.com/CocaColaBear/types-ragemp-s/tarball/master",
      "integrity": "sha512-qMntbIkosYlzRUHJyCeKYBsl8+PuQRtbyE2wPk48h4hgQCHPGR7sVdCuQJA7VHlFbtMHVmzjNJT9ZX0rZ15/RQ=="
    },
    "jquery": {
      "version": "3.4.1",
      "resolved": "https://registry.npmjs.org/jquery/-/jquery-3.4.1.tgz",
      "integrity": "sha512-36+AdBzCL+y6qjw5Tx7HgzeGCzC81MDDgaUP8ld2zhx58HdqXGoBd+tHdrBMiyjGQs0Hxs/MLZTu/eHNJJuWPw=="
    }
  }
}
